github.com/Li-giegie/netx v0.0.0-20260416012741-d2307feef7e4 h1:pf7LNu8oBiqH1gptvQ7cvl8S45VuSURoHn6SvVCPYBs=
github.com/Li-giegie/netx v0.0.0-20260416012741-d2307feef7e4/go.mod h1:jCl46SBBjAYyJjZdquk/gGdYPv6EY5tBbB9AQpwz9sM=
github.com/Li-giegie/netx v0.0.0-20260419111502-dfbe8ab7e06d h1:wXzA4FCJsusRWosp5iRmd+wscVSaHHbGJnuuQ/NFSrM=
github.com/Li-giegie/netx v0.0.0-20260419111502-dfbe8ab7e06d/go.mod h1:jCl46SBBjAYyJjZdquk/gGdYPv6EY5tBbB9AQpwz9sM=
github.com/Li-giegie/netx v0.0.0-20260425124732-9c787399c468 h1:CSyiQVJLlqiWOpZTb0KmV4VFWYY634UGZWXEBQIg42s=
github.com/Li-giegie/netx v0.0.0-20260425124732-9c787399c468/go.mod h1:jCl46SBBjAYyJjZdquk/gGdYPv6EY5tBbB9AQpwz9sM=
github.com/Li-giegie/netx v0.0.0-20260425131830-4d5f4a64da9b h1:Q8dxm5Vwa+0ANe/VHivc+71w0EbHDHvy62XDGI/JX0c=
github.com/Li-giegie/netx v0.0.0-20260425131830-4d5f4a64da9b/go.mod h1:jCl46SBBjAYyJjZdquk/gGdYPv6EY5tBbB9AQpwz9sM=
github.com/Li-giegie/netx v0.0.0-20260504054817-a3a3179407a2 h1:P0ACMFZLzEVxDDWGervoQONcKklsDY8n/GYT40YN1f8=
github.com/Li-giegie/netx v0.0.0-20260504054817-a3a3179407a2/go.mod h1:r4ShI4LprZ1QCGnh+DeQ68FdQdVGaN/ZKroYTsS7dbM=
